
Microsoft Visual Studio Solution File, Format Version 12.00
# Visual Studio 15
VisualStudioVersion = 15.0.28307.757
MinimumVisualStudioVersion = 10.0.40219.1
Project("{FAE04EC0-301F-11D3-BF4B-00C04F79EFBC}") = "Vidly", "Vidly2\Vidly.csproj", "{35FF89FA-2A85-4DCA-9C12-99C87ACA17A5}"
EndProject
Project("{FAE04EC0-301F-11D3-BF4B-00C04F79EFBC}") = "Vidly.Tests", "Vidly2.Tests\Vidly.Tests.csproj", "{3C9664D5-908B-4541-959A-05F11626174F}"
EndProject
Global
	GlobalSection(SolutionConfigurationPlatforms) = preSolution
		Debug|Any CPU = Debug|Any CPU
		Release|Any CPU = Release|Any CPU
	EndGlobalSection
	GlobalSection(ProjectConfigurationPlatforms) = postSolution
		{35FF89FA-2A85-4DCA-9C12-99C87ACA17A5}.Debug|Any CPU.ActiveCfg = Debug|Any CPU
		{35FF89FA-2A85-4DCA-9C12-99C87ACA17A5}.Debug|Any CPU.Build.0 = Debug|Any CPU
		{35FF89FA-2A85-4DCA-9C12-99C87ACA17A5}.Release|Any CPU.ActiveCfg = Release|Any CPU
		{35FF89FA-2A85-4DCA-9C12-99C87ACA17A5}.Release|Any CPU.Build.0 = Release|Any CPU
		{3C9664D5-908B-4541-959A-05F11626174F}.Debug|Any CPU.ActiveCfg = Debug|Any CPU
		{3C9664D5-908B-4541-959A-05F11626174F}.Debug|Any CPU.Build.0 = Debug|Any CPU
		{3C9664D5-908B-4541-959A-05F11626174F}.Release|Any CPU.ActiveCfg = Release|Any CPU
		{3C9664D5-908B-4541-959A-05F11626174F}.Release|Any CPU.Build.0 = Release|Any CPU
	EndGlobalSection
	GlobalSection(SolutionProperties) = preSolution
		HideSolutionNode = FALSE
	EndGlobalSection
	GlobalSection(ExtensibilityGlobals) = postSolution
		SolutionGuid = {C3E8067D-4D4A-4E4A-ACDF-5FBD15DDAC71}
	EndGlobalSection
EndGlobal
